Microsoft Visual Studio Solution File, Format Version 12.00
# Visual Studio Version 17
VisualStudioVersion = 17.5.2.0
MinimumVisualStudioVersion = 10.0.40219.1
Project("{FAE04EC0-301F-11D3-BF4B-00C04F79EFBC}") = "FloosyWeb", "FloosyWeb\FloosyWeb.csproj", "{4CE58E3A-004F-5749-1B01-5448BA38CBE0}"
EndProject
Global
	GlobalSection(SolutionConfigurationPlatforms) = preSolution
		Debug|Any CPU = Debug|Any CPU
		Release|Any CPU = Release|Any CPU
	EndGlobalSection
	GlobalSection(ProjectConfigurationPlatforms) = postSolution
		{4CE58E3A-004F-5749-1B01-5448BA38CBE0}.Debug|Any CPU.ActiveCfg = Debug|Any CPU
		{4CE58E3A-004F-5749-1B01-5448BA38CBE0}.Debug|Any CPU.Build.0 = Debug|Any CPU
		{4CE58E3A-004F-5749-1B01-5448BA38CBE0}.Release|Any CPU.ActiveCfg = Release|Any CPU
		{4CE58E3A-004F-5749-1B01-5448BA38CBE0}.Release|Any CPU.Build.0 = Release|Any CPU
	EndGlobalSection
	GlobalSection(SolutionProperties) = preSolution
		HideSolutionNode = FALSE
	EndGlobalSection
	GlobalSection(ExtensibilityGlobals) = postSolution
		SolutionGuid = {9BB52232-EBBF-4D47-B1B0-61204A391327}
	EndGlobalSection
EndGlobal
